
Microsoft Visual Studio Solution File, Format Version 12.00
# Visual Studio Version 17
VisualStudioVersion = 17.13.35818.85 d17.13
MinimumVisualStudioVersion = 10.0.40219.1
Project("{FAE04EC0-301F-11D3-BF4B-00C04F79EFBC}") = "Задание-4", "Задание-4.csproj", "{252DA4EA-23EA-4785-93D0-8367C1C35FAF}"
EndProject
Global
	GlobalSection(SolutionConfigurationPlatforms) = preSolution
		Debug|Any CPU = Debug|Any CPU
		Release|Any CPU = Release|Any CPU
	EndGlobalSection
	GlobalSection(ProjectConfigurationPlatforms) = postSolution
		{252DA4EA-23EA-4785-93D0-8367C1C35FAF}.Debug|Any CPU.ActiveCfg = Debug|Any CPU
		{252DA4EA-23EA-4785-93D0-8367C1C35FAF}.Debug|Any CPU.Build.0 = Debug|Any CPU
		{252DA4EA-23EA-4785-93D0-8367C1C35FAF}.Release|Any CPU.ActiveCfg = Release|Any CPU
		{252DA4EA-23EA-4785-93D0-8367C1C35FAF}.Release|Any CPU.Build.0 = Release|Any CPU
	EndGlobalSection
	GlobalSection(SolutionProperties) = preSolution
		HideSolutionNode = FALSE
	EndGlobalSection
	GlobalSection(ExtensibilityGlobals) = postSolution
		SolutionGuid = {CD15A967-4434-4073-9753-C7E94D78D807}
	EndGlobalSection
EndGlobal
