
Microsoft Visual Studio Solution File, Format Version 12.00
# Visual Studio Version 17
VisualStudioVersion = 17.13.35919.96 d17.13
MinimumVisualStudioVersion = 10.0.40219.1
Project("{FAE04EC0-301F-11D3-BF4B-00C04F79EFBC}") = "Семинар2_ЛР4_Задание_4", "Семинар2_ЛР4_Задание_4\Семинар2_ЛР4_Задание_4.csproj", "{F5E5464C-5881-40F9-B7D2-D5892C7A2181}"
EndProject
Global
	GlobalSection(SolutionConfigurationPlatforms) = preSolution
		Debug|Any CPU = Debug|Any CPU
		Release|Any CPU = Release|Any CPU
	EndGlobalSection
	GlobalSection(ProjectConfigurationPlatforms) = postSolution
		{F5E5464C-5881-40F9-B7D2-D5892C7A2181}.Debug|Any CPU.ActiveCfg = Debug|Any CPU
		{F5E5464C-5881-40F9-B7D2-D5892C7A2181}.Debug|Any CPU.Build.0 = Debug|Any CPU
		{F5E5464C-5881-40F9-B7D2-D5892C7A2181}.Release|Any CPU.ActiveCfg = Release|Any CPU
		{F5E5464C-5881-40F9-B7D2-D5892C7A2181}.Release|Any CPU.Build.0 = Release|Any CPU
	EndGlobalSection
	GlobalSection(SolutionProperties) = preSolution
		HideSolutionNode = FALSE
	EndGlobalSection
	GlobalSection(ExtensibilityGlobals) = postSolution
		SolutionGuid = {8F8AF21A-A3B6-48CB-9096-3ABB8E2496A3}
	EndGlobalSection
EndGlobal
