
Microsoft Visual Studio Solution File, Format Version 12.00
# Visual Studio Version 17
VisualStudioVersion = 17.13.35919.96 d17.13
MinimumVisualStudioVersion = 10.0.40219.1
Project("{8BC9CEB8-8B4A-11D0-8D11-00A0C91BC942}") = "ЛР2_Задание_1_ОП_Красько_2курс_ИВТ-4", "ЛР2_Задание_1_ОП_Красько_2курс_ИВТ-4\ЛР2_Задание_1_ОП_Красько_2курс_ИВТ-4.vcxproj", "{830C4E05-E0A6-4666-9672-56EF825C5D65}"
EndProject
Global
	GlobalSection(SolutionConfigurationPlatforms) = preSolution
		Debug|x64 = Debug|x64
		Debug|x86 = Debug|x86
		Release|x64 = Release|x64
		Release|x86 = Release|x86
	EndGlobalSection
	GlobalSection(ProjectConfigurationPlatforms) = postSolution
		{830C4E05-E0A6-4666-9672-56EF825C5D65}.Debug|x64.ActiveCfg = Debug|x64
		{830C4E05-E0A6-4666-9672-56EF825C5D65}.Debug|x64.Build.0 = Debug|x64
		{830C4E05-E0A6-4666-9672-56EF825C5D65}.Debug|x86.ActiveCfg = Debug|Win32
		{830C4E05-E0A6-4666-9672-56EF825C5D65}.Debug|x86.Build.0 = Debug|Win32
		{830C4E05-E0A6-4666-9672-56EF825C5D65}.Release|x64.ActiveCfg = Release|x64
		{830C4E05-E0A6-4666-9672-56EF825C5D65}.Release|x64.Build.0 = Release|x64
		{830C4E05-E0A6-4666-9672-56EF825C5D65}.Release|x86.ActiveCfg = Release|Win32
		{830C4E05-E0A6-4666-9672-56EF825C5D65}.Release|x86.Build.0 = Release|Win32
	EndGlobalSection
	GlobalSection(SolutionProperties) = preSolution
		HideSolutionNode = FALSE
	EndGlobalSection
	GlobalSection(ExtensibilityGlobals) = postSolution
		SolutionGuid = {78B062A7-3376-48F3-9B67-A1F8FB9E5100}
	EndGlobalSection
EndGlobal
