
Microsoft Visual Studio Solution File, Format Version 12.00
# Visual Studio Version 17
VisualStudioVersion = 17.13.35919.96 d17.13
MinimumVisualStudioVersion = 10.0.40219.1
Project("{FAE04EC0-301F-11D3-BF4B-00C04F79EFBC}") = "Задание_3", "Задание_3\Задание_3.csproj", "{A09643E8-A491-4BC8-B233-AC4C397AA41F}"
EndProject
Global
	GlobalSection(SolutionConfigurationPlatforms) = preSolution
		Debug|Any CPU = Debug|Any CPU
		Release|Any CPU = Release|Any CPU
	EndGlobalSection
	GlobalSection(ProjectConfigurationPlatforms) = postSolution
		{A09643E8-A491-4BC8-B233-AC4C397AA41F}.Debug|Any CPU.ActiveCfg = Debug|Any CPU
		{A09643E8-A491-4BC8-B233-AC4C397AA41F}.Debug|Any CPU.Build.0 = Debug|Any CPU
		{A09643E8-A491-4BC8-B233-AC4C397AA41F}.Release|Any CPU.ActiveCfg = Release|Any CPU
		{A09643E8-A491-4BC8-B233-AC4C397AA41F}.Release|Any CPU.Build.0 = Release|Any CPU
	EndGlobalSection
	GlobalSection(SolutionProperties) = preSolution
		HideSolutionNode = FALSE
	EndGlobalSection
	GlobalSection(ExtensibilityGlobals) = postSolution
		SolutionGuid = {DA928BC1-46F3-4EF9-9190-117745D6258F}
	EndGlobalSection
EndGlobal
