
Microsoft Visual Studio Solution File, Format Version 12.00
# Visual Studio Version 17
VisualStudioVersion = 17.13.35919.96 d17.13
MinimumVisualStudioVersion = 10.0.40219.1
Project("{FAE04EC0-301F-11D3-BF4B-00C04F79EFBC}") = "Задание_7_1", "Задание_7_1\Задание_7_1.csproj", "{E088C3AA-4860-403D-BEB1-AA1E438A6F43}"
EndProject
Global
	GlobalSection(SolutionConfigurationPlatforms) = preSolution
		Debug|Any CPU = Debug|Any CPU
		Release|Any CPU = Release|Any CPU
	EndGlobalSection
	GlobalSection(ProjectConfigurationPlatforms) = postSolution
		{E088C3AA-4860-403D-BEB1-AA1E438A6F43}.Debug|Any CPU.ActiveCfg = Debug|Any CPU
		{E088C3AA-4860-403D-BEB1-AA1E438A6F43}.Debug|Any CPU.Build.0 = Debug|Any CPU
		{E088C3AA-4860-403D-BEB1-AA1E438A6F43}.Release|Any CPU.ActiveCfg = Release|Any CPU
		{E088C3AA-4860-403D-BEB1-AA1E438A6F43}.Release|Any CPU.Build.0 = Release|Any CPU
	EndGlobalSection
	GlobalSection(SolutionProperties) = preSolution
		HideSolutionNode = FALSE
	EndGlobalSection
	GlobalSection(ExtensibilityGlobals) = postSolution
		SolutionGuid = {EA4FBD4B-C732-4E5E-8D07-C2A4D41AF0DB}
	EndGlobalSection
EndGlobal
