
Microsoft Visual Studio Solution File, Format Version 12.00
# Visual Studio Version 17
VisualStudioVersion = 17.13.35919.96 d17.13
MinimumVisualStudioVersion = 10.0.40219.1
Project("{FAE04EC0-301F-11D3-BF4B-00C04F79EFBC}") = "Задание_2", "Задание_2\Задание_2.csproj", "{94DDE97B-4929-4908-8FAA-70A5497A0510}"
EndProject
Global
	GlobalSection(SolutionConfigurationPlatforms) = preSolution
		Debug|Any CPU = Debug|Any CPU
		Release|Any CPU = Release|Any CPU
	EndGlobalSection
	GlobalSection(ProjectConfigurationPlatforms) = postSolution
		{94DDE97B-4929-4908-8FAA-70A5497A0510}.Debug|Any CPU.ActiveCfg = Debug|Any CPU
		{94DDE97B-4929-4908-8FAA-70A5497A0510}.Debug|Any CPU.Build.0 = Debug|Any CPU
		{94DDE97B-4929-4908-8FAA-70A5497A0510}.Release|Any CPU.ActiveCfg = Release|Any CPU
		{94DDE97B-4929-4908-8FAA-70A5497A0510}.Release|Any CPU.Build.0 = Release|Any CPU
	EndGlobalSection
	GlobalSection(SolutionProperties) = preSolution
		HideSolutionNode = FALSE
	EndGlobalSection
	GlobalSection(ExtensibilityGlobals) = postSolution
		SolutionGuid = {4A2D3EF8-DD3F-48BC-820F-48C4A770DBD3}
	EndGlobalSection
EndGlobal
