
Microsoft Visual Studio Solution File, Format Version 12.00
# Visual Studio Version 17
VisualStudioVersion = 17.5.002.0
MinimumVisualStudioVersion = 10.0.40219.1
Project("{9A19103F-16F7-4668-BE54-9A1E7A4F7556}") = "ЛР2", "ЛР2.csproj", "{B86E0AF3-CAF0-4DA3-9155-9274416C9C19}"
EndProject
Project("{FAE04EC0-301F-11D3-BF4B-00C04F79EFBC}") = "Задание 2", "Задание 2\Задание 2.csproj", "{28183353-BE6B-4255-BF5B-C7F4C2B61AAE}"
EndProject
Project("{FAE04EC0-301F-11D3-BF4B-00C04F79EFBC}") = "Задание 2", "..\Задание 2\Задание 2.csproj", "{24871E47-E892-4209-981A-5238502D970F}"
EndProject
Global
	GlobalSection(SolutionConfigurationPlatforms) = preSolution
		Debug|Any CPU = Debug|Any CPU
		Release|Any CPU = Release|Any CPU
	EndGlobalSection
	GlobalSection(ProjectConfigurationPlatforms) = postSolution
		{B86E0AF3-CAF0-4DA3-9155-9274416C9C19}.Debug|Any CPU.ActiveCfg = Debug|Any CPU
		{B86E0AF3-CAF0-4DA3-9155-9274416C9C19}.Debug|Any CPU.Build.0 = Debug|Any CPU
		{B86E0AF3-CAF0-4DA3-9155-9274416C9C19}.Release|Any CPU.ActiveCfg = Release|Any CPU
		{B86E0AF3-CAF0-4DA3-9155-9274416C9C19}.Release|Any CPU.Build.0 = Release|Any CPU
		{28183353-BE6B-4255-BF5B-C7F4C2B61AAE}.Debug|Any CPU.ActiveCfg = Debug|Any CPU
		{28183353-BE6B-4255-BF5B-C7F4C2B61AAE}.Debug|Any CPU.Build.0 = Debug|Any CPU
		{28183353-BE6B-4255-BF5B-C7F4C2B61AAE}.Release|Any CPU.ActiveCfg = Release|Any CPU
		{28183353-BE6B-4255-BF5B-C7F4C2B61AAE}.Release|Any CPU.Build.0 = Release|Any CPU
		{24871E47-E892-4209-981A-5238502D970F}.Debug|Any CPU.ActiveCfg = Debug|Any CPU
		{24871E47-E892-4209-981A-5238502D970F}.Debug|Any CPU.Build.0 = Debug|Any CPU
		{24871E47-E892-4209-981A-5238502D970F}.Release|Any CPU.ActiveCfg = Release|Any CPU
		{24871E47-E892-4209-981A-5238502D970F}.Release|Any CPU.Build.0 = Release|Any CPU
	EndGlobalSection
	GlobalSection(SolutionProperties) = preSolution
		HideSolutionNode = FALSE
	EndGlobalSection
	GlobalSection(ExtensibilityGlobals) = postSolution
		SolutionGuid = {F8570DC9-7F29-4440-8135-96774BD532BD}
	EndGlobalSection
EndGlobal
