
Microsoft Visual Studio Solution File, Format Version 12.00
# Visual Studio Version 17
VisualStudioVersion = 17.5.002.0
MinimumVisualStudioVersion = 10.0.40219.1
Project("{9A19103F-16F7-4668-BE54-9A1E7A4F7556}") = "ЛР2", "ЛР2.csproj", "{B86E0AF3-CAF0-4DA3-9155-9274416C9C19}"
EndProject
Project("{FAE04EC0-301F-11D3-BF4B-00C04F79EFBC}") = "Задание 2", "Задание 2\Задание 2.csproj", "{28183353-BE6B-4255-BF5B-C7F4C2B61AAE}"
EndProject
Project("{FAE04EC0-301F-11D3-BF4B-00C04F79EFBC}") = "Задание 2", "..\Задание 2\Задание 2.csproj", "{24871E47-E892-4209-981A-5238502D970F}"
EndProject
Project("{FAE04EC0-301F-11D3-BF4B-00C04F79EFBC}") = "Задание 3", "..\Задание 3\Задание 3.csproj", "{D8A3C174-8028-4F21-A98E-9FF749711C8D}"
EndProject
Project("{FAE04EC0-301F-11D3-BF4B-00C04F79EFBC}") = "Задание 4", "..\Задание 4\Задание 4.csproj", "{391EB92C-C73B-431D-8C97-7212E2FD5711}"
EndProject
Project("{FAE04EC0-301F-11D3-BF4B-00C04F79EFBC}") = "Задание 5", "..\Задание 5\Задание 5.csproj", "{BB2E752F-DFB7-4AAF-AACD-E5BDD6CF2858}"
EndProject
Project("{FAE04EC0-301F-11D3-BF4B-00C04F79EFBC}") = "Задание 6", "..\Задание 6\Задание 6.csproj", "{A2DE55E1-635F-44AD-8F31-DE3ABAE7F0E1}"
EndProject
Project("{FAE04EC0-301F-11D3-BF4B-00C04F79EFBC}") = "Индивидуальное задание 1", "..\Индивидуальное задание 1\Индивидуальное задание 1.csproj", "{573634E0-CDF7-4F59-9B63-AB35F24DDFB2}"
EndProject
Project("{FAE04EC0-301F-11D3-BF4B-00C04F79EFBC}") = "Индивидуальное задание 2", "..\Индивидуальное задание 2\Индивидуальное задание 2.csproj", "{7928C1F5-5580-4BD4-B3A0-BB048F23CDC0}"
EndProject
Project("{FAE04EC0-301F-11D3-BF4B-00C04F79EFBC}") = "Задание 1", "..\..\ЛР3-2\Задание 1\Задание 1.csproj", "{76EA74F2-0093-4488-A6A3-AF853D9DF586}"
EndProject
Project("{FAE04EC0-301F-11D3-BF4B-00C04F79EFBC}") = "Задание-2", "..\..\ЛР3-2\Задание-2\Задание-2.csproj", "{532D58D2-E2B4-484C-8394-0400D39937E8}"
EndProject
Project("{FAE04EC0-301F-11D3-BF4B-00C04F79EFBC}") = "Задание-1", "..\..\ЛР3-2\Задание-1\Задание-1.csproj", "{B6403B95-1C78-4214-A368-15E80DF88BF9}"
EndProject
Project("{FAE04EC0-301F-11D3-BF4B-00C04F79EFBC}") = "Задание-1", "..\..\ЛР3\Задание-1\Задание-1.csproj", "{6D5BB1E5-899E-4FC5-AEA3-B778A6B585CE}"
EndProject
Project("{FAE04EC0-301F-11D3-BF4B-00C04F79EFBC}") = "Задание-2", "..\..\ЛР3\Задание-2\Задание-2.csproj", "{56ADBD9A-50AA-407C-A968-04E9B31C294F}"
EndProject
Global
	GlobalSection(SolutionConfigurationPlatforms) = preSolution
		Debug|Any CPU = Debug|Any CPU
		Release|Any CPU = Release|Any CPU
	EndGlobalSection
	GlobalSection(ProjectConfigurationPlatforms) = postSolution
		{B86E0AF3-CAF0-4DA3-9155-9274416C9C19}.Debug|Any CPU.ActiveCfg = Debug|Any CPU
		{B86E0AF3-CAF0-4DA3-9155-9274416C9C19}.Debug|Any CPU.Build.0 = Debug|Any CPU
		{B86E0AF3-CAF0-4DA3-9155-9274416C9C19}.Release|Any CPU.ActiveCfg = Release|Any CPU
		{B86E0AF3-CAF0-4DA3-9155-9274416C9C19}.Release|Any CPU.Build.0 = Release|Any CPU
		{28183353-BE6B-4255-BF5B-C7F4C2B61AAE}.Debug|Any CPU.ActiveCfg = Debug|Any CPU
		{28183353-BE6B-4255-BF5B-C7F4C2B61AAE}.Debug|Any CPU.Build.0 = Debug|Any CPU
		{28183353-BE6B-4255-BF5B-C7F4C2B61AAE}.Release|Any CPU.ActiveCfg = Release|Any CPU
		{28183353-BE6B-4255-BF5B-C7F4C2B61AAE}.Release|Any CPU.Build.0 = Release|Any CPU
		{24871E47-E892-4209-981A-5238502D970F}.Debug|Any CPU.ActiveCfg = Debug|Any CPU
		{24871E47-E892-4209-981A-5238502D970F}.Debug|Any CPU.Build.0 = Debug|Any CPU
		{24871E47-E892-4209-981A-5238502D970F}.Release|Any CPU.ActiveCfg = Release|Any CPU
		{24871E47-E892-4209-981A-5238502D970F}.Release|Any CPU.Build.0 = Release|Any CPU
		{D8A3C174-8028-4F21-A98E-9FF749711C8D}.Debug|Any CPU.ActiveCfg = Debug|Any CPU
		{D8A3C174-8028-4F21-A98E-9FF749711C8D}.Debug|Any CPU.Build.0 = Debug|Any CPU
		{D8A3C174-8028-4F21-A98E-9FF749711C8D}.Release|Any CPU.ActiveCfg = Release|Any CPU
		{D8A3C174-8028-4F21-A98E-9FF749711C8D}.Release|Any CPU.Build.0 = Release|Any CPU
		{391EB92C-C73B-431D-8C97-7212E2FD5711}.Debug|Any CPU.ActiveCfg = Debug|Any CPU
		{391EB92C-C73B-431D-8C97-7212E2FD5711}.Debug|Any CPU.Build.0 = Debug|Any CPU
		{391EB92C-C73B-431D-8C97-7212E2FD5711}.Release|Any CPU.ActiveCfg = Release|Any CPU
		{391EB92C-C73B-431D-8C97-7212E2FD5711}.Release|Any CPU.Build.0 = Release|Any CPU
		{BB2E752F-DFB7-4AAF-AACD-E5BDD6CF2858}.Debug|Any CPU.ActiveCfg = Debug|Any CPU
		{BB2E752F-DFB7-4AAF-AACD-E5BDD6CF2858}.Debug|Any CPU.Build.0 = Debug|Any CPU
		{BB2E752F-DFB7-4AAF-AACD-E5BDD6CF2858}.Release|Any CPU.ActiveCfg = Release|Any CPU
		{BB2E752F-DFB7-4AAF-AACD-E5BDD6CF2858}.Release|Any CPU.Build.0 = Release|Any CPU
		{A2DE55E1-635F-44AD-8F31-DE3ABAE7F0E1}.Debug|Any CPU.ActiveCfg = Debug|Any CPU
		{A2DE55E1-635F-44AD-8F31-DE3ABAE7F0E1}.Debug|Any CPU.Build.0 = Debug|Any CPU
		{A2DE55E1-635F-44AD-8F31-DE3ABAE7F0E1}.Release|Any CPU.ActiveCfg = Release|Any CPU
		{A2DE55E1-635F-44AD-8F31-DE3ABAE7F0E1}.Release|Any CPU.Build.0 = Release|Any CPU
		{573634E0-CDF7-4F59-9B63-AB35F24DDFB2}.Debug|Any CPU.ActiveCfg = Debug|Any CPU
		{573634E0-CDF7-4F59-9B63-AB35F24DDFB2}.Debug|Any CPU.Build.0 = Debug|Any CPU
		{573634E0-CDF7-4F59-9B63-AB35F24DDFB2}.Release|Any CPU.ActiveCfg = Release|Any CPU
		{573634E0-CDF7-4F59-9B63-AB35F24DDFB2}.Release|Any CPU.Build.0 = Release|Any CPU
		{7928C1F5-5580-4BD4-B3A0-BB048F23CDC0}.Debug|Any CPU.ActiveCfg = Debug|Any CPU
		{7928C1F5-5580-4BD4-B3A0-BB048F23CDC0}.Debug|Any CPU.Build.0 = Debug|Any CPU
		{7928C1F5-5580-4BD4-B3A0-BB048F23CDC0}.Release|Any CPU.ActiveCfg = Release|Any CPU
		{7928C1F5-5580-4BD4-B3A0-BB048F23CDC0}.Release|Any CPU.Build.0 = Release|Any CPU
		{76EA74F2-0093-4488-A6A3-AF853D9DF586}.Debug|Any CPU.ActiveCfg = Debug|Any CPU
		{76EA74F2-0093-4488-A6A3-AF853D9DF586}.Debug|Any CPU.Build.0 = Debug|Any CPU
		{76EA74F2-0093-4488-A6A3-AF853D9DF586}.Release|Any CPU.ActiveCfg = Release|Any CPU
		{76EA74F2-0093-4488-A6A3-AF853D9DF586}.Release|Any CPU.Build.0 = Release|Any CPU
		{532D58D2-E2B4-484C-8394-0400D39937E8}.Debug|Any CPU.ActiveCfg = Debug|Any CPU
		{532D58D2-E2B4-484C-8394-0400D39937E8}.Debug|Any CPU.Build.0 = Debug|Any CPU
		{532D58D2-E2B4-484C-8394-0400D39937E8}.Release|Any CPU.ActiveCfg = Release|Any CPU
		{532D58D2-E2B4-484C-8394-0400D39937E8}.Release|Any CPU.Build.0 = Release|Any CPU
		{B6403B95-1C78-4214-A368-15E80DF88BF9}.Debug|Any CPU.ActiveCfg = Debug|Any CPU
		{B6403B95-1C78-4214-A368-15E80DF88BF9}.Debug|Any CPU.Build.0 = Debug|Any CPU
		{B6403B95-1C78-4214-A368-15E80DF88BF9}.Release|Any CPU.ActiveCfg = Release|Any CPU
		{B6403B95-1C78-4214-A368-15E80DF88BF9}.Release|Any CPU.Build.0 = Release|Any CPU
		{6D5BB1E5-899E-4FC5-AEA3-B778A6B585CE}.Debug|Any CPU.ActiveCfg = Debug|Any CPU
		{6D5BB1E5-899E-4FC5-AEA3-B778A6B585CE}.Debug|Any CPU.Build.0 = Debug|Any CPU
		{6D5BB1E5-899E-4FC5-AEA3-B778A6B585CE}.Release|Any CPU.ActiveCfg = Release|Any CPU
		{6D5BB1E5-899E-4FC5-AEA3-B778A6B585CE}.Release|Any CPU.Build.0 = Release|Any CPU
		{56ADBD9A-50AA-407C-A968-04E9B31C294F}.Debug|Any CPU.ActiveCfg = Debug|Any CPU
		{56ADBD9A-50AA-407C-A968-04E9B31C294F}.Debug|Any CPU.Build.0 = Debug|Any CPU
		{56ADBD9A-50AA-407C-A968-04E9B31C294F}.Release|Any CPU.ActiveCfg = Release|Any CPU
		{56ADBD9A-50AA-407C-A968-04E9B31C294F}.Release|Any CPU.Build.0 = Release|Any CPU
	EndGlobalSection
	GlobalSection(SolutionProperties) = preSolution
		HideSolutionNode = FALSE
	EndGlobalSection
	GlobalSection(ExtensibilityGlobals) = postSolution
		SolutionGuid = {F8570DC9-7F29-4440-8135-96774BD532BD}
	EndGlobalSection
EndGlobal
