
Microsoft Visual Studio Solution File, Format Version 12.00
# Visual Studio Version 17
VisualStudioVersion = 17.13.35919.96 d17.13
MinimumVisualStudioVersion = 10.0.40219.1
Project("{FAE04EC0-301F-11D3-BF4B-00C04F79EFBC}") = "Семестр2_ЛР4_Задание_1", "Семестр2_ЛР4_Задание_1\Семестр2_ЛР4_Задание_1.csproj", "{7C34A260-0364-4266-954F-70E54A55FAFB}"
EndProject
Global
	GlobalSection(SolutionConfigurationPlatforms) = preSolution
		Debug|Any CPU = Debug|Any CPU
		Release|Any CPU = Release|Any CPU
	EndGlobalSection
	GlobalSection(ProjectConfigurationPlatforms) = postSolution
		{7C34A260-0364-4266-954F-70E54A55FAFB}.Debug|Any CPU.ActiveCfg = Debug|Any CPU
		{7C34A260-0364-4266-954F-70E54A55FAFB}.Debug|Any CPU.Build.0 = Debug|Any CPU
		{7C34A260-0364-4266-954F-70E54A55FAFB}.Release|Any CPU.ActiveCfg = Release|Any CPU
		{7C34A260-0364-4266-954F-70E54A55FAFB}.Release|Any CPU.Build.0 = Release|Any CPU
	EndGlobalSection
	GlobalSection(SolutionProperties) = preSolution
		HideSolutionNode = FALSE
	EndGlobalSection
	GlobalSection(ExtensibilityGlobals) = postSolution
		SolutionGuid = {665AE35F-686A-486D-A950-B05FBDD16564}
	EndGlobalSection
EndGlobal
