
Microsoft Visual Studio Solution File, Format Version 12.00
# Visual Studio Version 17
VisualStudioVersion = 17.13.35818.85 d17.13
MinimumVisualStudioVersion = 10.0.40219.1
Project("{FAE04EC0-301F-11D3-BF4B-00C04F79EFBC}") = "ЛР7_Задание_3", "ЛР7_Задание_3.csproj", "{18914424-ADE2-410F-B388-4B2797FFA583}"
EndProject
Global
	GlobalSection(SolutionConfigurationPlatforms) = preSolution
		Debug|Any CPU = Debug|Any CPU
		Release|Any CPU = Release|Any CPU
	EndGlobalSection
	GlobalSection(ProjectConfigurationPlatforms) = postSolution
		{18914424-ADE2-410F-B388-4B2797FFA583}.Debug|Any CPU.ActiveCfg = Debug|Any CPU
		{18914424-ADE2-410F-B388-4B2797FFA583}.Debug|Any CPU.Build.0 = Debug|Any CPU
		{18914424-ADE2-410F-B388-4B2797FFA583}.Release|Any CPU.ActiveCfg = Release|Any CPU
		{18914424-ADE2-410F-B388-4B2797FFA583}.Release|Any CPU.Build.0 = Release|Any CPU
	EndGlobalSection
	GlobalSection(SolutionProperties) = preSolution
		HideSolutionNode = FALSE
	EndGlobalSection
	GlobalSection(ExtensibilityGlobals) = postSolution
		SolutionGuid = {C77F5A72-8D6B-4584-9AA3-35F6A7FBFBF5}
	EndGlobalSection
EndGlobal
