
Microsoft Visual Studio Solution File, Format Version 12.00
# Visual Studio Version 17
VisualStudioVersion = 17.13.35919.96 d17.13
MinimumVisualStudioVersion = 10.0.40219.1
Project("{FAE04EC0-301F-11D3-BF4B-00C04F79EFBC}") = "Задание_7_2", "Задание_7_2\Задание_7_2.csproj", "{4E2C907A-A8E5-4583-A040-86ACE6B05FBB}"
EndProject
Global
	GlobalSection(SolutionConfigurationPlatforms) = preSolution
		Debug|Any CPU = Debug|Any CPU
		Release|Any CPU = Release|Any CPU
	EndGlobalSection
	GlobalSection(ProjectConfigurationPlatforms) = postSolution
		{4E2C907A-A8E5-4583-A040-86ACE6B05FBB}.Debug|Any CPU.ActiveCfg = Debug|Any CPU
		{4E2C907A-A8E5-4583-A040-86ACE6B05FBB}.Debug|Any CPU.Build.0 = Debug|Any CPU
		{4E2C907A-A8E5-4583-A040-86ACE6B05FBB}.Release|Any CPU.ActiveCfg = Release|Any CPU
		{4E2C907A-A8E5-4583-A040-86ACE6B05FBB}.Release|Any CPU.Build.0 = Release|Any CPU
	EndGlobalSection
	GlobalSection(SolutionProperties) = preSolution
		HideSolutionNode = FALSE
	EndGlobalSection
	GlobalSection(ExtensibilityGlobals) = postSolution
		SolutionGuid = {388A97BC-A970-427C-85EA-5C581291F02C}
	EndGlobalSection
EndGlobal
