
Microsoft Visual Studio Solution File, Format Version 12.00
# Visual Studio Version 17
VisualStudioVersion = 17.13.35919.96 d17.13
MinimumVisualStudioVersion = 10.0.40219.1
Project("{FAE04EC0-301F-11D3-BF4B-00C04F79EFBC}") = "ЛР8_Задание_2", "ЛР8_Задание_2\ЛР8_Задание_2.csproj", "{D14195C4-FC52-4EC3-8190-F01D22A9B31E}"
EndProject
Global
	GlobalSection(SolutionConfigurationPlatforms) = preSolution
		Debug|Any CPU = Debug|Any CPU
		Release|Any CPU = Release|Any CPU
	EndGlobalSection
	GlobalSection(ProjectConfigurationPlatforms) = postSolution
		{D14195C4-FC52-4EC3-8190-F01D22A9B31E}.Debug|Any CPU.ActiveCfg = Debug|Any CPU
		{D14195C4-FC52-4EC3-8190-F01D22A9B31E}.Debug|Any CPU.Build.0 = Debug|Any CPU
		{D14195C4-FC52-4EC3-8190-F01D22A9B31E}.Release|Any CPU.ActiveCfg = Release|Any CPU
		{D14195C4-FC52-4EC3-8190-F01D22A9B31E}.Release|Any CPU.Build.0 = Release|Any CPU
	EndGlobalSection
	GlobalSection(SolutionProperties) = preSolution
		HideSolutionNode = FALSE
	EndGlobalSection
	GlobalSection(ExtensibilityGlobals) = postSolution
		SolutionGuid = {72122220-2906-4E3C-8AF4-86A20AAE81A2}
	EndGlobalSection
EndGlobal
